
Microsoft Visual Studio Solution File, Format Version 12.00
# Visual Studio Version 17
VisualStudioVersion = 17.14.35906.104 d17.14
MinimumVisualStudioVersion = 10.0.40219.1
Project("{FAE04EC0-301F-11D3-BF4B-00C04F79EFBC}") = "ThemeResourceTesting", "ThemeResourceTesting\ThemeResourceTesting.csproj", "{B02F136D-0A3D-4C39-8EDA-ACF97E0FD7D5}"
EndProject
Global
	GlobalSection(SolutionConfigurationPlatforms) = preSolution
		Debug|Any CPU = Debug|Any CPU
		Release|Any CPU = Release|Any CPU
	EndGlobalSection
	GlobalSection(ProjectConfigurationPlatforms) = postSolution
		{B02F136D-0A3D-4C39-8EDA-ACF97E0FD7D5}.Debug|Any CPU.ActiveCfg = Debug|Any CPU
		{B02F136D-0A3D-4C39-8EDA-ACF97E0FD7D5}.Debug|Any CPU.Build.0 = Debug|Any CPU
		{B02F136D-0A3D-4C39-8EDA-ACF97E0FD7D5}.Release|Any CPU.ActiveCfg = Release|Any CPU
		{B02F136D-0A3D-4C39-8EDA-ACF97E0FD7D5}.Release|Any CPU.Build.0 = Release|Any CPU
	EndGlobalSection
	GlobalSection(SolutionProperties) = preSolution
		HideSolutionNode = FALSE
	EndGlobalSection
	GlobalSection(ExtensibilityGlobals) = postSolution
		SolutionGuid = {D5123624-AB12-443B-98E7-63A8FEE881B2}
	EndGlobalSection
EndGlobal
